# This file was autogenerated by Stack.
# You should not edit this file by hand.
# For more information, please see the documentation at:
#   https://docs.haskellstack.org/en/stable/topics/lock_files

packages:
- completed:
    hackage: monad-validate-1.3.0.0@sha256:eb6ddd5c9cf72ff0563cba604fa00291376e96138fdb4932d00ff3a99d66706e,2605
    pantry-tree:
      sha256: 0b2a3a57be48fcc739708b214fca202f1e95b1cd773dd3bb9589d3007cf8cf5e
      size: 611
  original:
    hackage: monad-validate-1.3.0.0@sha256:eb6ddd5c9cf72ff0563cba604fa00291376e96138fdb4932d00ff3a99d66706e,2605
- completed:
    hackage: diagnose-2.5.1@sha256:853fd268d7fe0191b79d73187104bf7b4bc5ce3bc3483cb088dc10b09f18abc8,5977
    pantry-tree:
      sha256: 99b2b3c2b2d3769ef45b030b0578ac7b3ce8b1b68ae7dd511857e7690ad19f52
      size: 1401
  original:
    hackage: diagnose-2.5.1
snapshots:
- completed:
    sha256: ecae7308cfd91c3c049f09a2bde18e2c321ef415e33e697f7fdae71d1e422d45
    size: 714960
    url: https://raw.githubusercontent.com/commercialhaskell/stackage-snapshots/master/nightly/2025/12/21.yaml
  original: nightly-2025-12-21
